github.com/PaesslerAG/gval v1.0.0 h1:GEKnRwkWDdf9dOmKcNrar9EA1bz1z9DqPIO1+iLzhd8=
github.com/PaesslerAG/gval v1.0.0/go.mod h1:y/nm5yEyTeX6av0OfKJNp9rBNj2XrGhAf5+v24IBN1I=
github.com/PaesslerAG/gval v1.2.2 h1:Y7iBzhgE09IGTt5QgGQ2IdaYYYOU134YGHBThD+wm9E=
github.com/PaesslerAG/gval v1.2.2/go.mod h1:XRFLwvmkTEdYziLdaCeCa5ImcGVrfQbeNUbVR+C6xac=
github.com/PaesslerAG/jsonpath v0.1.0/go.mod h1:4BzmtoM/PI8fPO4aQGIusjGxGir2BzcV0grWtFzq1Y8=
github.com/PaesslerAG/jsonpath v0.1.1 h1:c1/AToHQMVsduPAa4Vh6xp2U0evy4t8SWp8imEsylIk=
github.com/PaesslerAG/jsonpath v0.1.1/go.mod h1:lVboNxFGal/VwW6d9JzIy56bUsYAP6tH/x80vjnCseY=
github.com/PaesslerAG/jsonpath v0.1.2-0.20230323094847-3484786d6f97 h1:XIsQOSBJi/9Bexr+rjUpuYi0IkQ+YqNKKlE7Yt/sw9Q=
github.com/PaesslerAG/jsonpath v0.1.2-0.20230323094847-3484786d6f97/go.mod h1:zTyVtYhYjcHpfCtqnCMxejgp0pEEwb/xJzhn05NrkJk=
github.com/a-h/generate v0.0.0-20220105161013-96c14dfdfb60 h1:/rNdG6EuzjwcR1KRFpF+9qWmWh2xIcz84QOeMGr/2L8=
github.com/a-h/generate v0.0.0-20220105161013-96c14dfdfb60/go.mod h1:traiLYQ0YD7qUMCdjo6/jSaJRPHXniX4HVs+PhEhYpc=
github.com/google/go-cmp v0.5.9/go.mod h1:17dUlkBOakJ0+DkrSSNjCkIjxS6bF9zb3elmeNGIjoY=
github.com/shopspring/decimal v1.3.1 h1:2Usl1nmF/WZucqkFZhnfFYxxxu8LG21F6nPQBE5gKV8=
github.com/shopspring/decimal v1.3.1/go.mod h1:DKyhrW/HYNuLGql+MJL6WCR6knT2jwCFRcu2hWCYk4o=
gopkg.in/check.v1 v0.0.0-20161208181325-20d25e280405/go.mod h1:Co6ibVJAznAaIkqp8huTwlJQCZ016jof/cbN4VW5Yz0=
gopkg.in/yaml.v3 v3.0.1/go.mod h1:K4uyk7z7BCEPqu6E+C64Yfv1cQ7kz7rIZviUmN+EgEM=
